
Microsoft Visual Studio Solution File, Format Version 12.00
# Visual Studio 14
VisualStudioVersion = 14.0.25420.1
MinimumVisualStudioVersion = 10.0.40219.1
Project("{2150E333-8FDC-42A3-9474-1A3956D46DE8}") = "_framework", "_framework", "{3B696256-0FB2-4E93-B495-8BCB169DEE14}"
EndProject
Project("{2150E333-8FDC-42A3-9474-1A3956D46DE8}") = "Tools", "Tools", "{5A6FAF76-F1DA-4477-9718-5B65839A15F9}"
EndProject
Project("{2150E333-8FDC-42A3-9474-1A3956D46DE8}") = "Modules", "Modules", "{FDE15843-BD67-4683-9B95-A472AC315191}"
EndProject
Project("{2150E333-8FDC-42A3-9474-1A3956D46DE8}") = "applications", "applications", "{8CB46C12-7155-4A39-807D-43E25378114E}"
EndProject
Project("{FAE04EC0-301F-11D3-BF4B-00C04F79EFBC}") = "TestClient", "applications\TestClient\TestClient.csproj", "{C7DC802A-6C57-4B42-AEAC-6DF558DBC28B}"
EndProject
Project("{FAE04EC0-301F-11D3-BF4B-00C04F79EFBC}") = "TestServer", "applications\TestServer\TestServer.csproj", "{06FF6B2E-22C9-4D38-BE40-79A0DFC26545}"
EndProject
Project("{FAE04EC0-301F-11D3-BF4B-00C04F79EFBC}") = "0.Build.Tables", "_framework\0.Build.Table\0.Build.Tables.csproj", "{AF74DBFC-B663-4633-A99B-8EBEBE1DDF26}"
EndProject
Project("{FAE04EC0-301F-11D3-BF4B-00C04F79EFBC}") = "1.Protocols.Client", "_framework\1.Protocols.Client\1.Protocols.Client.csproj", "{781EFC5E-DE91-425A-8069-C27A6BFD54FF}"
EndProject
Project("{FAE04EC0-301F-11D3-BF4B-00C04F79EFBC}") = "2.Build.Protocols", "_framework\2.Build.Protocol\2.Build.Protocols.csproj", "{A66364A2-44EA-4D79-AEA4-579BDBCBD1CB}"
EndProject
Project("{FAE04EC0-301F-11D3-BF4B-00C04F79EFBC}") = "Builder.Protocol", "_framework\Tools\Builder.Protocol\Builder.Protocol.csproj", "{4F5BF167-31EB-4361-B4AE-FCD35643500A}"
EndProject
Project("{FAE04EC0-301F-11D3-BF4B-00C04F79EFBC}") = "Builder.Table", "_framework\Tools\Builder.Table\Builder.Table.csproj", "{0D4928EE-95D3-4E3F-AD4D-05BE4F566444}"
EndProject
Project("{FAE04EC0-301F-11D3-BF4B-00C04F79EFBC}") = "Devarc.Base", "_framework\Modules\Devarc.Base\Devarc.Base.csproj", "{777B5922-BAAA-47FB-8312-34821664729D}"
EndProject
Project("{FAE04EC0-301F-11D3-BF4B-00C04F79EFBC}") = "Devarc.Net.Client", "_framework\Modules\Devarc.Net.Client\Devarc.Net.Client.csproj", "{44AAFADE-BCD3-45BE-8077-0DD9D1C98374}"
EndProject
Project("{FAE04EC0-301F-11D3-BF4B-00C04F79EFBC}") = "Devarc.Object", "_framework\Modules\Devarc.Object\Devarc.Object.csproj", "{E9B1AF6B-C4C0-4684-9B1C-DE66B1B96CE8}"
EndProject
Project("{FAE04EC0-301F-11D3-BF4B-00C04F79EFBC}") = "Devarc.Table", "_framework\Modules\Devarc.Table\Devarc.Table.csproj", "{C90B2F90-41F3-4D38-B9B1-1A7982A5983A}"
EndProject
Project("{FAE04EC0-301F-11D3-BF4B-00C04F79EFBC}") = "Devarc.Util.Windows", "_framework\Modules\Devarc.Util.Windows\Devarc.Util.Windows.csproj", "{593CC250-2E87-458A-9C09-B2124FA696EB}"
EndProject
Project("{FAE04EC0-301F-11D3-BF4B-00C04F79EFBC}") = "Devarc.Net.Server", "_framework\Modules\Devarc.Net.Server\Devarc.Net.Server.csproj", "{2270F366-F6EB-4804-8E04-39F2303ED03E}"
EndProject
Project("{FAE04EC0-301F-11D3-BF4B-00C04F79EFBC}") = "1.Protocols.Server", "_framework\1.Protocols.Server\1.Protocols.Server.csproj", "{94589C1B-2CB8-49B9-A45D-F84FF168B3C6}"
EndProject
Project("{FAE04EC0-301F-11D3-BF4B-00C04F79EFBC}") = "Unity.CSharp", "applications\Unity\Unity.CSharp.csproj", "{4123F183-8F61-27AE-EA27-294DDE0CC7EB}"
EndProject
Project("{FAE04EC0-301F-11D3-BF4B-00C04F79EFBC}") = "Unity.CSharp.Editor", "applications\Unity\Unity.CSharp.Editor.csproj", "{27D29A4B-FDE7-B1BD-E226-B13A243BCA00}"
EndProject
Global
	GlobalSection(SolutionConfigurationPlatforms) = preSolution
		Debug|Any CPU = Debug|Any CPU
		Release|Any CPU = Release|Any CPU
	EndGlobalSection
	GlobalSection(ProjectConfigurationPlatforms) = postSolution
		{C7DC802A-6C57-4B42-AEAC-6DF558DBC28B}.Debug|Any CPU.ActiveCfg = Debug|Any CPU
		{C7DC802A-6C57-4B42-AEAC-6DF558DBC28B}.Debug|Any CPU.Build.0 = Debug|Any CPU
		{C7DC802A-6C57-4B42-AEAC-6DF558DBC28B}.Release|Any CPU.ActiveCfg = Release|Any CPU
		{C7DC802A-6C57-4B42-AEAC-6DF558DBC28B}.Release|Any CPU.Build.0 = Release|Any CPU
		{06FF6B2E-22C9-4D38-BE40-79A0DFC26545}.Debug|Any CPU.ActiveCfg = Debug|Any CPU
		{06FF6B2E-22C9-4D38-BE40-79A0DFC26545}.Debug|Any CPU.Build.0 = Debug|Any CPU
		{06FF6B2E-22C9-4D38-BE40-79A0DFC26545}.Release|Any CPU.ActiveCfg = Release|Any CPU
		{06FF6B2E-22C9-4D38-BE40-79A0DFC26545}.Release|Any CPU.Build.0 = Release|Any CPU
		{AF74DBFC-B663-4633-A99B-8EBEBE1DDF26}.Debug|Any CPU.ActiveCfg = Debug|Any CPU
		{AF74DBFC-B663-4633-A99B-8EBEBE1DDF26}.Debug|Any CPU.Build.0 = Debug|Any CPU
		{AF74DBFC-B663-4633-A99B-8EBEBE1DDF26}.Release|Any CPU.ActiveCfg = Release|Any CPU
		{AF74DBFC-B663-4633-A99B-8EBEBE1DDF26}.Release|Any CPU.Build.0 = Release|Any CPU
		{781EFC5E-DE91-425A-8069-C27A6BFD54FF}.Debug|Any CPU.ActiveCfg = Debug|Any CPU
		{781EFC5E-DE91-425A-8069-C27A6BFD54FF}.Debug|Any CPU.Build.0 = Debug|Any CPU
		{781EFC5E-DE91-425A-8069-C27A6BFD54FF}.Release|Any CPU.ActiveCfg = Release|Any CPU
		{781EFC5E-DE91-425A-8069-C27A6BFD54FF}.Release|Any CPU.Build.0 = Release|Any CPU
		{A66364A2-44EA-4D79-AEA4-579BDBCBD1CB}.Debug|Any CPU.ActiveCfg = Debug|Any CPU
		{A66364A2-44EA-4D79-AEA4-579BDBCBD1CB}.Debug|Any CPU.Build.0 = Debug|Any CPU
		{A66364A2-44EA-4D79-AEA4-579BDBCBD1CB}.Release|Any CPU.ActiveCfg = Release|Any CPU
		{A66364A2-44EA-4D79-AEA4-579BDBCBD1CB}.Release|Any CPU.Build.0 = Release|Any CPU
		{4F5BF167-31EB-4361-B4AE-FCD35643500A}.Debug|Any CPU.ActiveCfg = Debug|Any CPU
		{4F5BF167-31EB-4361-B4AE-FCD35643500A}.Debug|Any CPU.Build.0 = Debug|Any CPU
		{4F5BF167-31EB-4361-B4AE-FCD35643500A}.Release|Any CPU.ActiveCfg = Release|Any CPU
		{4F5BF167-31EB-4361-B4AE-FCD35643500A}.Release|Any CPU.Build.0 = Release|Any CPU
		{0D4928EE-95D3-4E3F-AD4D-05BE4F566444}.Debug|Any CPU.ActiveCfg = Debug|Any CPU
		{0D4928EE-95D3-4E3F-AD4D-05BE4F566444}.Debug|Any CPU.Build.0 = Debug|Any CPU
		{0D4928EE-95D3-4E3F-AD4D-05BE4F566444}.Release|Any CPU.ActiveCfg = Release|Any CPU
		{0D4928EE-95D3-4E3F-AD4D-05BE4F566444}.Release|Any CPU.Build.0 = Release|Any CPU
		{777B5922-BAAA-47FB-8312-34821664729D}.Debug|Any CPU.ActiveCfg = Debug|Any CPU
		{777B5922-BAAA-47FB-8312-34821664729D}.Debug|Any CPU.Build.0 = Debug|Any CPU
		{777B5922-BAAA-47FB-8312-34821664729D}.Release|Any CPU.ActiveCfg = Release|Any CPU
		{777B5922-BAAA-47FB-8312-34821664729D}.Release|Any CPU.Build.0 = Release|Any CPU
		{44AAFADE-BCD3-45BE-8077-0DD9D1C98374}.Debug|Any CPU.ActiveCfg = Debug|Any CPU
		{44AAFADE-BCD3-45BE-8077-0DD9D1C98374}.Debug|Any CPU.Build.0 = Debug|Any CPU
		{44AAFADE-BCD3-45BE-8077-0DD9D1C98374}.Release|Any CPU.ActiveCfg = Release|Any CPU
		{44AAFADE-BCD3-45BE-8077-0DD9D1C98374}.Release|Any CPU.Build.0 = Release|Any CPU
		{E9B1AF6B-C4C0-4684-9B1C-DE66B1B96CE8}.Debug|Any CPU.ActiveCfg = Debug|Any CPU
		{E9B1AF6B-C4C0-4684-9B1C-DE66B1B96CE8}.Debug|Any CPU.Build.0 = Debug|Any CPU
		{E9B1AF6B-C4C0-4684-9B1C-DE66B1B96CE8}.Release|Any CPU.ActiveCfg = Release|Any CPU
		{E9B1AF6B-C4C0-4684-9B1C-DE66B1B96CE8}.Release|Any CPU.Build.0 = Release|Any CPU
		{C90B2F90-41F3-4D38-B9B1-1A7982A5983A}.Debug|Any CPU.ActiveCfg = Debug|Any CPU
		{C90B2F90-41F3-4D38-B9B1-1A7982A5983A}.Debug|Any CPU.Build.0 = Debug|Any CPU
		{C90B2F90-41F3-4D38-B9B1-1A7982A5983A}.Release|Any CPU.ActiveCfg = Release|Any CPU
		{C90B2F90-41F3-4D38-B9B1-1A7982A5983A}.Release|Any CPU.Build.0 = Release|Any CPU
		{593CC250-2E87-458A-9C09-B2124FA696EB}.Debug|Any CPU.ActiveCfg = Debug|Any CPU
		{593CC250-2E87-458A-9C09-B2124FA696EB}.Debug|Any CPU.Build.0 = Debug|Any CPU
		{593CC250-2E87-458A-9C09-B2124FA696EB}.Release|Any CPU.ActiveCfg = Release|Any CPU
		{593CC250-2E87-458A-9C09-B2124FA696EB}.Release|Any CPU.Build.0 = Release|Any CPU
		{2270F366-F6EB-4804-8E04-39F2303ED03E}.Debug|Any CPU.ActiveCfg = Debug|Any CPU
		{2270F366-F6EB-4804-8E04-39F2303ED03E}.Debug|Any CPU.Build.0 = Debug|Any CPU
		{2270F366-F6EB-4804-8E04-39F2303ED03E}.Release|Any CPU.ActiveCfg = Release|Any CPU
		{2270F366-F6EB-4804-8E04-39F2303ED03E}.Release|Any CPU.Build.0 = Release|Any CPU
		{94589C1B-2CB8-49B9-A45D-F84FF168B3C6}.Debug|Any CPU.ActiveCfg = Debug|Any CPU
		{94589C1B-2CB8-49B9-A45D-F84FF168B3C6}.Debug|Any CPU.Build.0 = Debug|Any CPU
		{94589C1B-2CB8-49B9-A45D-F84FF168B3C6}.Release|Any CPU.ActiveCfg = Release|Any CPU
		{94589C1B-2CB8-49B9-A45D-F84FF168B3C6}.Release|Any CPU.Build.0 = Release|Any CPU
		{4123F183-8F61-27AE-EA27-294DDE0CC7EB}.Debug|Any CPU.ActiveCfg = Debug|Any CPU
		{4123F183-8F61-27AE-EA27-294DDE0CC7EB}.Debug|Any CPU.Build.0 = Debug|Any CPU
		{4123F183-8F61-27AE-EA27-294DDE0CC7EB}.Release|Any CPU.ActiveCfg = Release|Any CPU
		{4123F183-8F61-27AE-EA27-294DDE0CC7EB}.Release|Any CPU.Build.0 = Release|Any CPU
		{27D29A4B-FDE7-B1BD-E226-B13A243BCA00}.Debug|Any CPU.ActiveCfg = Debug|Any CPU
		{27D29A4B-FDE7-B1BD-E226-B13A243BCA00}.Debug|Any CPU.Build.0 = Debug|Any CPU
		{27D29A4B-FDE7-B1BD-E226-B13A243BCA00}.Release|Any CPU.ActiveCfg = Release|Any CPU
		{27D29A4B-FDE7-B1BD-E226-B13A243BCA00}.Release|Any CPU.Build.0 = Release|Any CPU
	EndGlobalSection
	GlobalSection(SolutionProperties) = preSolution
		HideSolutionNode = FALSE
	EndGlobalSection
	GlobalSection(NestedProjects) = preSolution
		{5A6FAF76-F1DA-4477-9718-5B65839A15F9} = {3B696256-0FB2-4E93-B495-8BCB169DEE14}
		{FDE15843-BD67-4683-9B95-A472AC315191} = {3B696256-0FB2-4E93-B495-8BCB169DEE14}
		{C7DC802A-6C57-4B42-AEAC-6DF558DBC28B} = {8CB46C12-7155-4A39-807D-43E25378114E}
		{06FF6B2E-22C9-4D38-BE40-79A0DFC26545} = {8CB46C12-7155-4A39-807D-43E25378114E}
		{AF74DBFC-B663-4633-A99B-8EBEBE1DDF26} = {3B696256-0FB2-4E93-B495-8BCB169DEE14}
		{781EFC5E-DE91-425A-8069-C27A6BFD54FF} = {3B696256-0FB2-4E93-B495-8BCB169DEE14}
		{A66364A2-44EA-4D79-AEA4-579BDBCBD1CB} = {3B696256-0FB2-4E93-B495-8BCB169DEE14}
		{4F5BF167-31EB-4361-B4AE-FCD35643500A} = {5A6FAF76-F1DA-4477-9718-5B65839A15F9}
		{0D4928EE-95D3-4E3F-AD4D-05BE4F566444} = {5A6FAF76-F1DA-4477-9718-5B65839A15F9}
		{777B5922-BAAA-47FB-8312-34821664729D} = {FDE15843-BD67-4683-9B95-A472AC315191}
		{44AAFADE-BCD3-45BE-8077-0DD9D1C98374} = {FDE15843-BD67-4683-9B95-A472AC315191}
		{E9B1AF6B-C4C0-4684-9B1C-DE66B1B96CE8} = {FDE15843-BD67-4683-9B95-A472AC315191}
		{C90B2F90-41F3-4D38-B9B1-1A7982A5983A} = {FDE15843-BD67-4683-9B95-A472AC315191}
		{593CC250-2E87-458A-9C09-B2124FA696EB} = {FDE15843-BD67-4683-9B95-A472AC315191}
		{2270F366-F6EB-4804-8E04-39F2303ED03E} = {FDE15843-BD67-4683-9B95-A472AC315191}
		{94589C1B-2CB8-49B9-A45D-F84FF168B3C6} = {3B696256-0FB2-4E93-B495-8BCB169DEE14}
		{4123F183-8F61-27AE-EA27-294DDE0CC7EB} = {8CB46C12-7155-4A39-807D-43E25378114E}
		{27D29A4B-FDE7-B1BD-E226-B13A243BCA00} = {8CB46C12-7155-4A39-807D-43E25378114E}
	EndGlobalSection
EndGlobal
